PODS:
  - ExytePopupView (1.0.1)
  - GoogleMaps (5.1.0):
    - GoogleMaps/Maps (= 5.1.0)
  - GoogleMaps/Base (5.1.0)
  - GoogleMaps/Maps (5.1.0):
    - GoogleMaps/Base
  - SDWebImage (5.11.1):
    - SDWebImage/Core (= 5.11.1)
  - SDWebImage/Core (5.11.1)
  - SDWebImageSwiftUI (2.0.2):
    - SDWebImage (~> 5.10)

DEPENDENCIES:
  - ExytePopupView
  - GoogleMaps
  - SDWebImageSwiftUI

SPEC REPOS:
  trunk:
    - ExytePopupView
    - GoogleMaps
    - SDWebImage
    - SDWebImageSwiftUI

SPEC CHECKSUMS:
  ExytePopupView: a3592b0bb5eee1e784eb857f89b3e82395912abd
  GoogleMaps: 086ae1dab659eaa7339bdb30fc88e2f44e7c597c
  SDWebImage: a7f831e1a65eb5e285e3fb046a23fcfbf08e696d
  SDWebImageSwiftUI: 8a3923c95108312b03a599ec1498754af55a6819

PODFILE CHECKSUM: d87130e1c9b6810ad3f5f1aae795d9e4e0769c9f

COCOAPODS: 1.10.1
